
Microsoft Visual Studio Solution File, Format Version 11.00
# Visual Studio 2010
Project("{FAE04EC0-301F-11D3-BF4B-00C04F79EFBC}") = "Compilers.Scanners", "Compilers.Scanners\Compilers.Scanners.csproj", "{F8ECBF53-C1B2-412B-8322-9E3D6AAC66ED}"
EndProject
Project("{FAE04EC0-301F-11D3-BF4B-00C04F79EFBC}") = "Compilers.UnitTests", "Compilers.UnitTests\Compilers.UnitTests.csproj", "{BEF0BC9A-3CEF-4054-A496-2AE38FCC6F29}"
EndProject
Project("{FAE04EC0-301F-11D3-BF4B-00C04F79EFBC}") = "Compilers.Parsers.Combinators", "Compilers.Parsers.Combinators\Compilers.Parsers.Combinators.csproj", "{57E34138-CEE5-422B-8EA2-CB7A9574805D}"
EndProject
Project("{FAE04EC0-301F-11D3-BF4B-00C04F79EFBC}") = "Compilers.Common", "Compilers.Common\Compilers.Common.csproj", "{283A7585-ECF4-405A-824F-AF926C16C78C}"
EndProject
Project("{FAE04EC0-301F-11D3-BF4B-00C04F79EFBC}") = "Compilers.Parsers", "Compilers.Parsers\Compilers.Parsers.csproj", "{323A8312-8E82-4A81-91CC-2D60F85AE751}"
EndProject
Global
	GlobalSection(SolutionConfigurationPlatforms) = preSolution
		Debug|Any CPU = Debug|Any CPU
		Release|Any CPU = Release|Any CPU
	EndGlobalSection
	GlobalSection(ProjectConfigurationPlatforms) = postSolution
		{F8ECBF53-C1B2-412B-8322-9E3D6AAC66ED}.Debug|Any CPU.ActiveCfg = Debug|Any CPU
		{F8ECBF53-C1B2-412B-8322-9E3D6AAC66ED}.Debug|Any CPU.Build.0 = Debug|Any CPU
		{F8ECBF53-C1B2-412B-8322-9E3D6AAC66ED}.Release|Any CPU.ActiveCfg = Release|Any CPU
		{F8ECBF53-C1B2-412B-8322-9E3D6AAC66ED}.Release|Any CPU.Build.0 = Release|Any CPU
		{BEF0BC9A-3CEF-4054-A496-2AE38FCC6F29}.Debug|Any CPU.ActiveCfg = Debug|Any CPU
		{BEF0BC9A-3CEF-4054-A496-2AE38FCC6F29}.Debug|Any CPU.Build.0 = Debug|Any CPU
		{BEF0BC9A-3CEF-4054-A496-2AE38FCC6F29}.Release|Any CPU.ActiveCfg = Release|Any CPU
		{BEF0BC9A-3CEF-4054-A496-2AE38FCC6F29}.Release|Any CPU.Build.0 = Release|Any CPU
		{57E34138-CEE5-422B-8EA2-CB7A9574805D}.Debug|Any CPU.ActiveCfg = Debug|Any CPU
		{57E34138-CEE5-422B-8EA2-CB7A9574805D}.Debug|Any CPU.Build.0 = Debug|Any CPU
		{57E34138-CEE5-422B-8EA2-CB7A9574805D}.Release|Any CPU.ActiveCfg = Release|Any CPU
		{57E34138-CEE5-422B-8EA2-CB7A9574805D}.Release|Any CPU.Build.0 = Release|Any CPU
		{283A7585-ECF4-405A-824F-AF926C16C78C}.Debug|Any CPU.ActiveCfg = Debug|Any CPU
		{283A7585-ECF4-405A-824F-AF926C16C78C}.Debug|Any CPU.Build.0 = Debug|Any CPU
		{283A7585-ECF4-405A-824F-AF926C16C78C}.Release|Any CPU.ActiveCfg = Release|Any CPU
		{283A7585-ECF4-405A-824F-AF926C16C78C}.Release|Any CPU.Build.0 = Release|Any CPU
		{323A8312-8E82-4A81-91CC-2D60F85AE751}.Debug|Any CPU.ActiveCfg = Debug|Any CPU
		{323A8312-8E82-4A81-91CC-2D60F85AE751}.Debug|Any CPU.Build.0 = Debug|Any CPU
		{323A8312-8E82-4A81-91CC-2D60F85AE751}.Release|Any CPU.ActiveCfg = Release|Any CPU
		{323A8312-8E82-4A81-91CC-2D60F85AE751}.Release|Any CPU.Build.0 = Release|Any CPU
	EndGlobalSection
	GlobalSection(SolutionProperties) = preSolution
		HideSolutionNode = FALSE
	EndGlobalSection
EndGlobal
